// !$*UTF8*$!
{
	archiveVersion = 1;
	classes = {
	};
	objectVersion = 56;
	objects = {

/* Begin PBXBuildFile section */
		D01243372BE69CE800C4546B /* Todolist_firebaseApp.swift in Sources */ = {isa = PBXBuildFile; fileRef = D01243362BE69CE800C4546B /* Todolist_firebaseApp.swift */; };
		D01243392BE69CE800C4546B /* MainView.swift in Sources */ = {isa = PBXBuildFile; fileRef = D01243382BE69CE800C4546B /* MainView.swift */; };
		D012433B2BE69CEB00C4546B /* Assets.xcassets in Resources */ = {isa = PBXBuildFile; fileRef = D012433A2BE69CEB00C4546B /* Assets.xcassets */; };
		D012433E2BE69CEB00C4546B /* Preview Assets.xcassets in Resources */ = {isa = PBXBuildFile; fileRef = D012433D2BE69CEB00C4546B /* Preview Assets.xcassets */; };
		D01243462BE69F4F00C4546B /* GoogleService-Info.plist in Resources */ = {isa = PBXBuildFile; fileRef = D01243452BE69F4F00C4546B /* GoogleService-Info.plist */; };
		D01243492BE758F500C4546B /* FirebaseAnalytics in Frameworks */ = {isa = PBXBuildFile; productRef = D01243482BE758F500C4546B /* FirebaseAnalytics */; };
		D012434B2BE758F500C4546B /* FirebaseAuth in Frameworks */ = {isa = PBXBuildFile; productRef = D012434A2BE758F500C4546B /* FirebaseAuth */; };
		D012434D2BE758F500C4546B /* FirebaseDatabase in Frameworks */ = {isa = PBXBuildFile; productRef = D012434C2BE758F500C4546B /* FirebaseDatabase */; };
		D012434F2BE758F500C4546B /* FirebaseFirestore in Frameworks */ = {isa = PBXBuildFile; productRef = D012434E2BE758F500C4546B /* FirebaseFirestore */; };
		D01243512BE758F500C4546B /* FirebaseStorage in Frameworks */ = {isa = PBXBuildFile; productRef = D01243502BE758F500C4546B /* FirebaseStorage */; };
		D01243582BE75CFF00C4546B /* ProfileView.swift in Sources */ = {isa = PBXBuildFile; fileRef = D01243572BE75CFF00C4546B /* ProfileView.swift */; };
		D012435A2BE75D3600C4546B /* ToDoListView.swift in Sources */ = {isa = PBXBuildFile; fileRef = D01243592BE75D3600C4546B /* ToDoListView.swift */; };
		D012435C2BE75D4E00C4546B /* NewItemView.swift in Sources */ = {isa = PBXBuildFile; fileRef = D012435B2BE75D4E00C4546B /* NewItemView.swift */; };
		D012435E2BE75D6600C4546B /* LoginView.swift in Sources */ = {isa = PBXBuildFile; fileRef = D012435D2BE75D6600C4546B /* LoginView.swift */; };
		D01243602BE75D7A00C4546B /* RegisterView.swift in Sources */ = {isa = PBXBuildFile; fileRef = D012435F2BE75D7A00C4546B /* RegisterView.swift */; };
		D01243622BE75DE400C4546B /* ToDoListItemView.swift in Sources */ = {isa = PBXBuildFile; fileRef = D01243612BE75DE400C4546B /* ToDoListItemView.swift */; };
		D01243642BE75E3F00C4546B /* User.swift in Sources */ = {isa = PBXBuildFile; fileRef = D01243632BE75E3F00C4546B /* User.swift */; };
		D01243662BE75E4D00C4546B /* ToDoLIstItem.swift in Sources */ = {isa = PBXBuildFile; fileRef = D01243652BE75E4D00C4546B /* ToDoLIstItem.swift */; };
		D01243682BE75E7300C4546B /* MainViewViewModel.swift in Sources */ = {isa = PBXBuildFile; fileRef = D01243672BE75E7300C4546B /* MainViewViewModel.swift */; };
		D012436A2BE75E8100C4546B /* ProfileViewViewModel.swift in Sources */ = {isa = PBXBuildFile; fileRef = D01243692BE75E8100C4546B /* ProfileViewViewModel.swift */; };
		D012436C2BE75E8E00C4546B /* ToDoListViewViewModel.swift in Sources */ = {isa = PBXBuildFile; fileRef = D012436B2BE75E8E00C4546B /* ToDoListViewViewModel.swift */; };
		D012436E2BE75E9B00C4546B /* NewItemViewViewModel.swift in Sources */ = {isa = PBXBuildFile; fileRef = D012436D2BE75E9B00C4546B /* NewItemViewViewModel.swift */; };
		D01243702BE75EA600C4546B /* LoginViewViewModel.swift in Sources */ = {isa = PBXBuildFile; fileRef = D012436F2BE75EA600C4546B /* LoginViewViewModel.swift */; };
		D01243722BE75EB100C4546B /* RegisterViewViewModel.swift in Sources */ = {isa = PBXBuildFile; fileRef = D01243712BE75EB100C4546B /* RegisterViewViewModel.swift */; };
		D01243742BE75EC300C4546B /* ToDoListItemViewViewModel.swift in Sources */ = {isa = PBXBuildFile; fileRef = D01243732BE75EC300C4546B /* ToDoListItemViewViewModel.swift */; };
		D01243762BE7622400C4546B /* HeaderView.swift in Sources */ = {isa = PBXBuildFile; fileRef = D01243752BE7622400C4546B /* HeaderView.swift */; };
		D01243782BE7933500C4546B /* TLButton.swift in Sources */ = {isa = PBXBuildFile; fileRef = D01243772BE7933500C4546B /* TLButton.swift */; };
		D012437A2BE7EC3400C4546B /* Extensions.swift in Sources */ = {isa = PBXBuildFile; fileRef = D01243792BE7EC3400C4546B /* Extensions.swift */; };
		D012437C2BEAB62D00C4546B /* Launch Screen.storyboard in Resources */ = {isa = PBXBuildFile; fileRef = D012437B2BEAB62D00C4546B /* Launch Screen.storyboard */; };
/* End PBXBuildFile section */

/* Begin PBXFileReference section */
		D01243332BE69CE800C4546B /* Todolist_firebase.app */ = {isa = PBXFileReference; explicitFileType = wrapper.application; includeInIndex = 0; path = Todolist_firebase.app; sourceTree = BUILT_PRODUCTS_DIR; };
		D01243362BE69CE800C4546B /* Todolist_firebaseApp.swift */ = {isa = PBXFileReference; lastKnownFileType = sourcecode.swift; path = Todolist_firebaseApp.swift; sourceTree = "<group>"; };
		D01243382BE69CE800C4546B /* MainView.swift */ = {isa = PBXFileReference; lastKnownFileType = sourcecode.swift; path = MainView.swift; sourceTree = "<group>"; };
		D012433A2BE69CEB00C4546B /* Assets.xcassets */ = {isa = PBXFileReference; lastKnownFileType = folder.assetcatalog; path = Assets.xcassets; sourceTree = "<group>"; };
		D012433D2BE69CEB00C4546B /* Preview Assets.xcassets */ = {isa = PBXFileReference; lastKnownFileType = folder.assetcatalog; path = "Preview Assets.xcassets"; sourceTree = "<group>"; };
		D01243452BE69F4F00C4546B /* GoogleService-Info.plist */ = {isa = PBXFileReference; fileEncoding = 4; lastKnownFileType = text.plist.xml; path = "GoogleService-Info.plist"; sourceTree = "<group>"; };
		D01243572BE75CFF00C4546B /* ProfileView.swift */ = {isa = PBXFileReference; lastKnownFileType = sourcecode.swift; path = ProfileView.swift; sourceTree = "<group>"; };
		D01243592BE75D3600C4546B /* ToDoListView.swift */ = {isa = PBXFileReference; lastKnownFileType = sourcecode.swift; path = ToDoListView.swift; sourceTree = "<group>"; };
		D012435B2BE75D4E00C4546B /* NewItemView.swift */ = {isa = PBXFileReference; lastKnownFileType = sourcecode.swift; path = NewItemView.swift; sourceTree = "<group>"; };
		D012435D2BE75D6600C4546B /* LoginView.swift */ = {isa = PBXFileReference; lastKnownFileType = sourcecode.swift; path = LoginView.swift; sourceTree = "<group>"; };
		D012435F2BE75D7A00C4546B /* RegisterView.swift */ = {isa = PBXFileReference; lastKnownFileType = sourcecode.swift; path = RegisterView.swift; sourceTree = "<group>"; };
		D01243612BE75DE400C4546B /* ToDoListItemView.swift */ = {isa = PBXFileReference; lastKnownFileType = sourcecode.swift; path = ToDoListItemView.swift; sourceTree = "<group>"; };
		D01243632BE75E3F00C4546B /* User.swift */ = {isa = PBXFileReference; lastKnownFileType = sourcecode.swift; path = User.swift; sourceTree = "<group>"; };
		D01243652BE75E4D00C4546B /* ToDoLIstItem.swift */ = {isa = PBXFileReference; lastKnownFileType = sourcecode.swift; path = ToDoLIstItem.swift; sourceTree = "<group>"; };
		D01243672BE75E7300C4546B /* MainViewViewModel.swift */ = {isa = PBXFileReference; lastKnownFileType = sourcecode.swift; path = MainViewViewModel.swift; sourceTree = "<group>"; };
		D01243692BE75E8100C4546B /* ProfileViewViewModel.swift */ = {isa = PBXFileReference; lastKnownFileType = sourcecode.swift; path = ProfileViewViewModel.swift; sourceTree = "<group>"; };
		D012436B2BE75E8E00C4546B /* ToDoListViewViewModel.swift */ = {isa = PBXFileReference; lastKnownFileType = sourcecode.swift; path = ToDoListViewViewModel.swift; sourceTree = "<group>"; };
		D012436D2BE75E9B00C4546B /* NewItemViewViewModel.swift */ = {isa = PBXFileReference; lastKnownFileType = sourcecode.swift; path = NewItemViewViewModel.swift; sourceTree = "<group>"; };
		D012436F2BE75EA600C4546B /* LoginViewViewModel.swift */ = {isa = PBXFileReference; lastKnownFileType = sourcecode.swift; path = LoginViewViewModel.swift; sourceTree = "<group>"; };
		D01243712BE75EB100C4546B /* RegisterViewViewModel.swift */ = {isa = PBXFileReference; lastKnownFileType = sourcecode.swift; path = RegisterViewViewModel.swift; sourceTree = "<group>"; };
		D01243732BE75EC300C4546B /* ToDoListItemViewViewModel.swift */ = {isa = PBXFileReference; lastKnownFileType = sourcecode.swift; path = ToDoListItemViewViewModel.swift; sourceTree = "<group>"; };
		D01243752BE7622400C4546B /* HeaderView.swift */ = {isa = PBXFileReference; lastKnownFileType = sourcecode.swift; path = HeaderView.swift; sourceTree = "<group>"; };
		D01243772BE7933500C4546B /* TLButton.swift */ = {isa = PBXFileReference; lastKnownFileType = sourcecode.swift; path = TLButton.swift; sourceTree = "<group>"; };
		D01243792BE7EC3400C4546B /* Extensions.swift */ = {isa = PBXFileReference; lastKnownFileType = sourcecode.swift; path = Extensions.swift; sourceTree = "<group>"; };
		D012437B2BEAB62D00C4546B /* Launch Screen.storyboard */ = {isa = PBXFileReference; lastKnownFileType = file.storyboard; path = "Launch Screen.storyboard"; sourceTree = "<group>"; };
/* End PBXFileReference section */

/* Begin PBXFrameworksBuildPhase section */
		D01243302BE69CE800C4546B /* Frameworks */ = {
			isa = PBXFrameworksBuildPhase;
			buildActionMask = 2147483647;
			files = (
				D012434D2BE758F500C4546B /* FirebaseDatabase in Frameworks */,
				D012434F2BE758F500C4546B /* FirebaseFirestore in Frameworks */,
				D01243492BE758F500C4546B /* FirebaseAnalytics in Frameworks */,
				D01243512BE758F500C4546B /* FirebaseStorage in Frameworks */,
				D012434B2BE758F500C4546B /* FirebaseAuth in Frameworks */,
			);
			runOnlyForDeploymentPostprocessing = 0;
		};
/* End PBXFrameworksBuildPhase section */

/* Begin PBXGroup section */
		D012432A2BE69CE800C4546B = {
			isa = PBXGroup;
			children = (
				D01243352BE69CE800C4546B /* Todolist_firebase */,
				D01243342BE69CE800C4546B /* Products */,
				D01243472BE758F500C4546B /* Frameworks */,
			);
			sourceTree = "<group>";
		};
		D01243342BE69CE800C4546B /* Products */ = {
			isa = PBXGroup;
			children = (
				D01243332BE69CE800C4546B /* Todolist_firebase.app */,
			);
			name = Products;
			sourceTree = "<group>";
		};
		D01243352BE69CE800C4546B /* Todolist_firebase */ = {
			isa = PBXGroup;
			children = (
				D01243452BE69F4F00C4546B /* GoogleService-Info.plist */,
				D01243552BE759E600C4546B /* Other */,
				D01243542BE759D300C4546B /* Models */,
				D01243532BE759BE00C4546B /* ViewModels */,
				D01243522BE759A900C4546B /* Views */,
				D012433C2BE69CEB00C4546B /* Preview Content */,
			);
			path = Todolist_firebase;
			sourceTree = "<group>";
		};
		D012433C2BE69CEB00C4546B /* Preview Content */ = {
			isa = PBXGroup;
			children = (
				D012433D2BE69CEB00C4546B /* Preview Assets.xcassets */,
			);
			path = "Preview Content";
			sourceTree = "<group>";
		};
		D01243472BE758F500C4546B /* Frameworks */ = {
			isa = PBXGroup;
			children = (
			);
			name = Frameworks;
			sourceTree = "<group>";
		};
		D01243522BE759A900C4546B /* Views */ = {
			isa = PBXGroup;
			children = (
				D01243382BE69CE800C4546B /* MainView.swift */,
				D01243572BE75CFF00C4546B /* ProfileView.swift */,
				D01243592BE75D3600C4546B /* ToDoListView.swift */,
				D01243612BE75DE400C4546B /* ToDoListItemView.swift */,
				D012435B2BE75D4E00C4546B /* NewItemView.swift */,
				D012435D2BE75D6600C4546B /* LoginView.swift */,
				D01243772BE7933500C4546B /* TLButton.swift */,
				D012435F2BE75D7A00C4546B /* RegisterView.swift */,
				D01243752BE7622400C4546B /* HeaderView.swift */,
			);
			path = Views;
			sourceTree = "<group>";
		};
		D01243532BE759BE00C4546B /* ViewModels */ = {
			isa = PBXGroup;
			children = (
				D01243672BE75E7300C4546B /* MainViewViewModel.swift */,
				D01243692BE75E8100C4546B /* ProfileViewViewModel.swift */,
				D012436B2BE75E8E00C4546B /* ToDoListViewViewModel.swift */,
				D012436D2BE75E9B00C4546B /* NewItemViewViewModel.swift */,
				D012436F2BE75EA600C4546B /* LoginViewViewModel.swift */,
				D01243712BE75EB100C4546B /* RegisterViewViewModel.swift */,
				D01243732BE75EC300C4546B /* ToDoListItemViewViewModel.swift */,
			);
			path = ViewModels;
			sourceTree = "<group>";
		};
		D01243542BE759D300C4546B /* Models */ = {
			isa = PBXGroup;
			children = (
				D01243632BE75E3F00C4546B /* User.swift */,
				D01243652BE75E4D00C4546B /* ToDoLIstItem.swift */,
			);
			path = Models;
			sourceTree = "<group>";
		};
		D01243552BE759E600C4546B /* Other */ = {
			isa = PBXGroup;
			children = (
				D01243362BE69CE800C4546B /* Todolist_firebaseApp.swift */,
				D012433A2BE69CEB00C4546B /* Assets.xcassets */,
				D01243792BE7EC3400C4546B /* Extensions.swift */,
				D012437B2BEAB62D00C4546B /* Launch Screen.storyboard */,
			);
			path = Other;
			sourceTree = "<group>";
		};
/* End PBXGroup section */

/* Begin PBXNativeTarget section */
		D01243322BE69CE800C4546B /* Todolist_firebase */ = {
			isa = PBXNativeTarget;
			buildConfigurationList = D01243412BE69CEB00C4546B /* Build configuration list for PBXNativeTarget "Todolist_firebase" */;
			buildPhases = (
				D012432F2BE69CE800C4546B /* Sources */,
				D01243302BE69CE800C4546B /* Frameworks */,
				D01243312BE69CE800C4546B /* Resources */,
			);
			buildRules = (
			);
			dependencies = (
			);
			name = Todolist_firebase;
			packageProductDependencies = (
				D01243482BE758F500C4546B /* FirebaseAnalytics */,
				D012434A2BE758F500C4546B /* FirebaseAuth */,
				D012434C2BE758F500C4546B /* FirebaseDatabase */,
				D012434E2BE758F500C4546B /* FirebaseFirestore */,
				D01243502BE758F500C4546B /* FirebaseStorage */,
			);
			productName = Todolist_firebase;
			productReference = D01243332BE69CE800C4546B /* Todolist_firebase.app */;
			productType = "com.apple.product-type.application";
		};
/* End PBXNativeTarget section */

/* Begin PBXProject section */
		D012432B2BE69CE800C4546B /* Project object */ = {
			isa = PBXProject;
			attributes = {
				BuildIndependentTargetsInParallel = 1;
				LastSwiftUpdateCheck = 1530;
				LastUpgradeCheck = 1530;
				TargetAttributes = {
					D01243322BE69CE800C4546B = {
						CreatedOnToolsVersion = 15.3;
					};
				};
			};
			buildConfigurationList = D012432E2BE69CE800C4546B /* Build configuration list for PBXProject "Todolist_firebase" */;
			compatibilityVersion = "Xcode 14.0";
			developmentRegion = en;
			hasScannedForEncodings = 0;
			knownRegions = (
				en,
				Base,
			);
			mainGroup = D012432A2BE69CE800C4546B;
			packageReferences = (
				D01243442BE69DFB00C4546B /* XCRemoteSwiftPackageReference "firebase-ios-sdk" */,
			);
			productRefGroup = D01243342BE69CE800C4546B /* Products */;
			projectDirPath = "";
			projectRoot = "";
			targets = (
				D01243322BE69CE800C4546B /* Todolist_firebase */,
			);
		};
/* End PBXProject section */

/* Begin PBXResourcesBuildPhase section */
		D01243312BE69CE800C4546B /* Resources */ = {
			isa = PBXResourcesBuildPhase;
			buildActionMask = 2147483647;
			files = (
				D012433E2BE69CEB00C4546B /* Preview Assets.xcassets in Resources */,
				D012433B2BE69CEB00C4546B /* Assets.xcassets in Resources */,
				D012437C2BEAB62D00C4546B /* Launch Screen.storyboard in Resources */,
				D01243462BE69F4F00C4546B /* GoogleService-Info.plist in Resources */,
			);
			runOnlyForDeploymentPostprocessing = 0;
		};
/* End PBXResourcesBuildPhase section */

/* Begin PBXSourcesBuildPhase section */
		D012432F2BE69CE800C4546B /* Sources */ = {
			isa = PBXSourcesBuildPhase;
			buildActionMask = 2147483647;
			files = (
				D012435E2BE75D6600C4546B /* LoginView.swift in Sources */,
				D01243762BE7622400C4546B /* HeaderView.swift in Sources */,
				D01243392BE69CE800C4546B /* MainView.swift in Sources */,
				D01243722BE75EB100C4546B /* RegisterViewViewModel.swift in Sources */,
				D01243682BE75E7300C4546B /* MainViewViewModel.swift in Sources */,
				D012435A2BE75D3600C4546B /* ToDoListView.swift in Sources */,
				D01243602BE75D7A00C4546B /* RegisterView.swift in Sources */,
				D01243782BE7933500C4546B /* TLButton.swift in Sources */,
				D012436A2BE75E8100C4546B /* ProfileViewViewModel.swift in Sources */,
				D01243582BE75CFF00C4546B /* ProfileView.swift in Sources */,
				D01243642BE75E3F00C4546B /* User.swift in Sources */,
				D01243662BE75E4D00C4546B /* ToDoLIstItem.swift in Sources */,
				D012436C2BE75E8E00C4546B /* ToDoListViewViewModel.swift in Sources */,
				D01243702BE75EA600C4546B /* LoginViewViewModel.swift in Sources */,
				D01243622BE75DE400C4546B /* ToDoListItemView.swift in Sources */,
				D012437A2BE7EC3400C4546B /* Extensions.swift in Sources */,
				D01243372BE69CE800C4546B /* Todolist_firebaseApp.swift in Sources */,
				D012435C2BE75D4E00C4546B /* NewItemView.swift in Sources */,
				D012436E2BE75E9B00C4546B /* NewItemViewViewModel.swift in Sources */,
				D01243742BE75EC300C4546B /* ToDoListItemViewViewModel.swift in Sources */,
			);
			runOnlyForDeploymentPostprocessing = 0;
		};
/* End PBXSourcesBuildPhase section */

/* Begin XCBuildConfiguration section */
		D012433F2BE69CEB00C4546B /* Debug */ = {
			isa = XCBuildConfiguration;
			buildSettings = {
				ALWAYS_SEARCH_USER_PATHS = NO;
				ASSETCATALOG_COMPILER_GENERATE_SWIFT_ASSET_SYMBOL_EXTENSIONS = YES;
				CLANG_ANALYZER_NONNULL = YES;
				CLANG_ANALYZER_NUMBER_OBJECT_CONVERSION = YES_AGGRESSIVE;
				CLANG_CXX_LANGUAGE_STANDARD = "gnu++20";
				CLANG_ENABLE_MODULES = YES;
				CLANG_ENABLE_OBJC_ARC = YES;
				CLANG_ENABLE_OBJC_WEAK = YES;
				CLANG_WARN_BLOCK_CAPTURE_AUTORELEASING = YES;
				CLANG_WARN_BOOL_CONVERSION = YES;
				CLANG_WARN_COMMA = YES;
				CLANG_WARN_CONSTANT_CONVERSION = YES;
				CLANG_WARN_DEPRECATED_OBJC_IMPLEMENTATIONS = YES;
				CLANG_WARN_DIRECT_OBJC_ISA_USAGE = YES_ERROR;
				CLANG_WARN_DOCUMENTATION_COMMENTS = YES;
				CLANG_WARN_EMPTY_BODY = YES;
				CLANG_WARN_ENUM_CONVERSION = YES;
				CLANG_WARN_INFINITE_RECURSION = YES;
				CLANG_WARN_INT_CONVERSION = YES;
				CLANG_WARN_NON_LITERAL_NULL_CONVERSION = YES;
				CLANG_WARN_OBJC_IMPLICIT_RETAIN_SELF = YES;
				CLANG_WARN_OBJC_LITERAL_CONVERSION = YES;
				CLANG_WARN_OBJC_ROOT_CLASS = YES_ERROR;
				CLANG_WARN_QUOTED_INCLUDE_IN_FRAMEWORK_HEADER = YES;
				CLANG_WARN_RANGE_LOOP_ANALYSIS = YES;
				CLANG_WARN_STRICT_PROTOTYPES = YES;
				CLANG_WARN_SUSPICIOUS_MOVE = YES;
				CLANG_WARN_UNGUARDED_AVAILABILITY = YES_AGGRESSIVE;
				CLANG_WARN_UNREACHABLE_CODE = YES;
				CLANG_WARN__DUPLICATE_METHOD_MATCH = YES;
				COPY_PHASE_STRIP = NO;
				DEBUG_INFORMATION_FORMAT = dwarf;
				ENABLE_STRICT_OBJC_MSGSEND = YES;
				ENABLE_TESTABILITY = YES;
				ENABLE_USER_SCRIPT_SANDBOXING = YES;
				GCC_C_LANGUAGE_STANDARD = gnu17;
				GCC_DYNAMIC_NO_PIC = NO;
				GCC_NO_COMMON_BLOCKS = YES;
				GCC_OPTIMIZATION_LEVEL = 0;
				GCC_PREPROCESSOR_DEFINITIONS = (
					"DEBUG=1",
					"$(inherited)",
				);
				GCC_WARN_64_TO_32_BIT_CONVERSION = YES;
				GCC_WARN_ABOUT_RETURN_TYPE = YES_ERROR;
				GCC_WARN_UNDECLARED_SELECTOR = YES;
				GCC_WARN_UNINITIALIZED_AUTOS = YES_AGGRESSIVE;
				GCC_WARN_UNUSED_FUNCTION = YES;
				GCC_WARN_UNUSED_VARIABLE = YES;
				IPHONEOS_DEPLOYMENT_TARGET = 17.4;
				LOCALIZATION_PREFERS_STRING_CATALOGS = YES;
				MTL_ENABLE_DEBUG_INFO = INCLUDE_SOURCE;
				MTL_FAST_MATH = YES;
				ONLY_ACTIVE_ARCH = YES;
				SDKROOT = iphoneos;
				SWIFT_ACTIVE_COMPILATION_CONDITIONS = "DEBUG $(inherited)";
				SWIFT_OPTIMIZATION_LEVEL = "-Onone";
			};
			name = Debug;
		};
		D01243402BE69CEB00C4546B /* Release */ = {
			isa = XCBuildConfiguration;
			buildSettings = {
				ALWAYS_SEARCH_USER_PATHS = NO;
				ASSETCATALOG_COMPILER_GENERATE_SWIFT_ASSET_SYMBOL_EXTENSIONS = YES;
				CLANG_ANALYZER_NONNULL = YES;
				CLANG_ANALYZER_NUMBER_OBJECT_CONVERSION = YES_AGGRESSIVE;
				CLANG_CXX_LANGUAGE_STANDARD = "gnu++20";
				CLANG_ENABLE_MODULES = YES;
				CLANG_ENABLE_OBJC_ARC = YES;
				CLANG_ENABLE_OBJC_WEAK = YES;
				CLANG_WARN_BLOCK_CAPTURE_AUTORELEASING = YES;
				CLANG_WARN_BOOL_CONVERSION = YES;
				CLANG_WARN_COMMA = YES;
				CLANG_WARN_CONSTANT_CONVERSION = YES;
				CLANG_WARN_DEPRECATED_OBJC_IMPLEMENTATIONS = YES;
				CLANG_WARN_DIRECT_OBJC_ISA_USAGE = YES_ERROR;
				CLANG_WARN_DOCUMENTATION_COMMENTS = YES;
				CLANG_WARN_EMPTY_BODY = YES;
				CLANG_WARN_ENUM_CONVERSION = YES;
				CLANG_WARN_INFINITE_RECURSION = YES;
				CLANG_WARN_INT_CONVERSION = YES;
				CLANG_WARN_NON_LITERAL_NULL_CONVERSION = YES;
				CLANG_WARN_OBJC_IMPLICIT_RETAIN_SELF = YES;
				CLANG_WARN_OBJC_LITERAL_CONVERSION = YES;
				CLANG_WARN_OBJC_ROOT_CLASS = YES_ERROR;
				CLANG_WARN_QUOTED_INCLUDE_IN_FRAMEWORK_HEADER = YES;
				CLANG_WARN_RANGE_LOOP_ANALYSIS = YES;
				CLANG_WARN_STRICT_PROTOTYPES = YES;
				CLANG_WARN_SUSPICIOUS_MOVE = YES;
				CLANG_WARN_UNGUARDED_AVAILABILITY = YES_AGGRESSIVE;
				CLANG_WARN_UNREACHABLE_CODE = YES;
				CLANG_WARN__DUPLICATE_METHOD_MATCH = YES;
				COPY_PHASE_STRIP = NO;
				DEBUG_INFORMATION_FORMAT = "dwarf-with-dsym";
				ENABLE_NS_ASSERTIONS = NO;
				ENABLE_STRICT_OBJC_MSGSEND = YES;
				ENABLE_USER_SCRIPT_SANDBOXING = YES;
				GCC_C_LANGUAGE_STANDARD = gnu17;
				GCC_NO_COMMON_BLOCKS = YES;
				GCC_WARN_64_TO_32_BIT_CONVERSION = YES;
				GCC_WARN_ABOUT_RETURN_TYPE = YES_ERROR;
				GCC_WARN_UNDECLARED_SELECTOR = YES;
				GCC_WARN_UNINITIALIZED_AUTOS = YES_AGGRESSIVE;
				GCC_WARN_UNUSED_FUNCTION = YES;
				GCC_WARN_UNUSED_VARIABLE = YES;
				IPHONEOS_DEPLOYMENT_TARGET = 17.4;
				LOCALIZATION_PREFERS_STRING_CATALOGS = YES;
				MTL_ENABLE_DEBUG_INFO = NO;
				MTL_FAST_MATH = YES;
				SDKROOT = iphoneos;
				SWIFT_COMPILATION_MODE = wholemodule;
				VALIDATE_PRODUCT = YES;
			};
			name = Release;
		};
		D01243422BE69CEB00C4546B /* Debug */ = {
			isa = XCBuildConfiguration;
			buildSettings = {
				ASSETCATALOG_COMPILER_APPICON_NAME = AppIcon;
				ASSETCATALOG_COMPILER_GLOBAL_ACCENT_COLOR_NAME = AccentColor;
				CODE_SIGN_STYLE = Automatic;
				CURRENT_PROJECT_VERSION = 1;
				DEVELOPMENT_ASSET_PATHS = "\"Todolist_firebase/Preview Content\"";
				DEVELOPMENT_TEAM = JH2T6W545T;
				ENABLE_PREVIEWS = YES;
				GENERATE_INFOPLIST_FILE = YES;
				INFOPLIST_KEY_UIApplicationSceneManifest_Generation = YES;
				INFOPLIST_KEY_UIApplicationSupportsIndirectInputEvents = YES;
				INFOPLIST_KEY_UILaunchScreen_Generation = YES;
				INFOPLIST_KEY_UILaunchStoryboardName = "Launch Screen.storyboard";
				INFOPLIST_KEY_UISupportedInterfaceOrientations = UIInterfaceOrientationPortrait;
				LD_RUNPATH_SEARCH_PATHS = (
					"$(inherited)",
					"@executable_path/Frameworks",
				);
				MARKETING_VERSION = 1.0;
				PRODUCT_BUNDLE_IDENTIFIER = "Zlaire.Todolist-firebase";
				PRODUCT_NAME = "$(TARGET_NAME)";
				SWIFT_EMIT_LOC_STRINGS = YES;
				SWIFT_VERSION = 5.0;
				TARGETED_DEVICE_FAMILY = "1,2";
			};
			name = Debug;
		};
		D01243432BE69CEB00C4546B /* Release */ = {
			isa = XCBuildConfiguration;
			buildSettings = {
				ASSETCATALOG_COMPILER_APPICON_NAME = AppIcon;
				ASSETCATALOG_COMPILER_GLOBAL_ACCENT_COLOR_NAME = AccentColor;
				CODE_SIGN_STYLE = Automatic;
				CURRENT_PROJECT_VERSION = 1;
				DEVELOPMENT_ASSET_PATHS = "\"Todolist_firebase/Preview Content\"";
				DEVELOPMENT_TEAM = JH2T6W545T;
				ENABLE_PREVIEWS = YES;
				GENERATE_INFOPLIST_FILE = YES;
				INFOPLIST_KEY_UIApplicationSceneManifest_Generation = YES;
				INFOPLIST_KEY_UIApplicationSupportsIndirectInputEvents = YES;
				INFOPLIST_KEY_UILaunchScreen_Generation = YES;
				INFOPLIST_KEY_UILaunchStoryboardName = "Launch Screen.storyboard";
				INFOPLIST_KEY_UISupportedInterfaceOrientations = UIInterfaceOrientationPortrait;
				LD_RUNPATH_SEARCH_PATHS = (
					"$(inherited)",
					"@executable_path/Frameworks",
				);
				MARKETING_VERSION = 1.0;
				PRODUCT_BUNDLE_IDENTIFIER = "Zlaire.Todolist-firebase";
				PRODUCT_NAME = "$(TARGET_NAME)";
				SWIFT_EMIT_LOC_STRINGS = YES;
				SWIFT_VERSION = 5.0;
				TARGETED_DEVICE_FAMILY = "1,2";
			};
			name = Release;
		};
/* End XCBuildConfiguration section */

/* Begin XCConfigurationList section */
		D012432E2BE69CE800C4546B /* Build configuration list for PBXProject "Todolist_firebase" */ = {
			isa = XCConfigurationList;
			buildConfigurations = (
				D012433F2BE69CEB00C4546B /* Debug */,
				D01243402BE69CEB00C4546B /* Release */,
			);
			defaultConfigurationIsVisible = 0;
			defaultConfigurationName = Release;
		};
		D01243412BE69CEB00C4546B /* Build configuration list for PBXNativeTarget "Todolist_firebase" */ = {
			isa = XCConfigurationList;
			buildConfigurations = (
				D01243422BE69CEB00C4546B /* Debug */,
				D01243432BE69CEB00C4546B /* Release */,
			);
			defaultConfigurationIsVisible = 0;
			defaultConfigurationName = Release;
		};
/* End XCConfigurationList section */

/* Begin XCRemoteSwiftPackageReference section */
		D01243442BE69DFB00C4546B /* XCRemoteSwiftPackageReference "firebase-ios-sdk" */ = {
			isa = XCRemoteSwiftPackageReference;
			repositoryURL = "https://github.com/firebase/firebase-ios-sdk";
			requirement = {
				kind = upToNextMajorVersion;
				minimumVersion = 10.25.0;
			};
		};
/* End XCRemoteSwiftPackageReference section */

/* Begin XCSwiftPackageProductDependency section */
		D01243482BE758F500C4546B /* FirebaseAnalytics */ = {
			isa = XCSwiftPackageProductDependency;
			package = D01243442BE69DFB00C4546B /* XCRemoteSwiftPackageReference "firebase-ios-sdk" */;
			productName = FirebaseAnalytics;
		};
		D012434A2BE758F500C4546B /* FirebaseAuth */ = {
			isa = XCSwiftPackageProductDependency;
			package = D01243442BE69DFB00C4546B /* XCRemoteSwiftPackageReference "firebase-ios-sdk" */;
			productName = FirebaseAuth;
		};
		D012434C2BE758F500C4546B /* FirebaseDatabase */ = {
			isa = XCSwiftPackageProductDependency;
			package = D01243442BE69DFB00C4546B /* XCRemoteSwiftPackageReference "firebase-ios-sdk" */;
			productName = FirebaseDatabase;
		};
		D012434E2BE758F500C4546B /* FirebaseFirestore */ = {
			isa = XCSwiftPackageProductDependency;
			package = D01243442BE69DFB00C4546B /* XCRemoteSwiftPackageReference "firebase-ios-sdk" */;
			productName = FirebaseFirestore;
		};
		D01243502BE758F500C4546B /* FirebaseStorage */ = {
			isa = XCSwiftPackageProductDependency;
			package = D01243442BE69DFB00C4546B /* XCRemoteSwiftPackageReference "firebase-ios-sdk" */;
			productName = FirebaseStorage;
		};
/* End XCSwiftPackageProductDependency section */
	};
	rootObject = D012432B2BE69CE800C4546B /* Project object */;
}
